
Microsoft Visual Studio Solution File, Format Version 12.00
# Visual Studio Version 17
VisualStudioVersion = 17.13.35818.85 d17.13
MinimumVisualStudioVersion = 10.0.40219.1
Project("{FAE04EC0-301F-11D3-BF4B-00C04F79EFBC}") = "RandomSentencesGenerator", "RandomSentencesGenerator\RandomSentencesGenerator.csproj", "{672F0D7A-CB63-4964-BE79-0DC617096FA0}"
EndProject
Global
	GlobalSection(SolutionConfigurationPlatforms) = preSolution
		Debug|Any CPU = Debug|Any CPU
		Release|Any CPU = Release|Any CPU
	EndGlobalSection
	GlobalSection(ProjectConfigurationPlatforms) = postSolution
		{672F0D7A-CB63-4964-BE79-0DC617096FA0}.Debug|Any CPU.ActiveCfg = Debug|Any CPU
		{672F0D7A-CB63-4964-BE79-0DC617096FA0}.Debug|Any CPU.Build.0 = Debug|Any CPU
		{672F0D7A-CB63-4964-BE79-0DC617096FA0}.Release|Any CPU.ActiveCfg = Release|Any CPU
		{672F0D7A-CB63-4964-BE79-0DC617096FA0}.Release|Any CPU.Build.0 = Release|Any CPU
	EndGlobalSection
	GlobalSection(SolutionProperties) = preSolution
		HideSolutionNode = FALSE
	EndGlobalSection
	GlobalSection(ExtensibilityGlobals) = postSolution
		SolutionGuid = {176F6A7F-F980-4CCC-9F32-BC934619D437}
	EndGlobalSection
EndGlobal
