
Microsoft Visual Studio Solution File, Format Version 12.00
# Visual Studio Version 17
VisualStudioVersion = 17.13.35919.96 d17.13
MinimumVisualStudioVersion = 10.0.40219.1
Project("{FAE04EC0-301F-11D3-BF4B-00C04F79EFBC}") = "SimpleTextEditor", "SimpleTextEditor\SimpleTextEditor.csproj", "{3A7EDF23-33D6-4EF9-BB99-4A3AE7CF0195}"
EndProject
Global
	GlobalSection(SolutionConfigurationPlatforms) = preSolution
		Debug|Any CPU = Debug|Any CPU
		Release|Any CPU = Release|Any CPU
	EndGlobalSection
	GlobalSection(ProjectConfigurationPlatforms) = postSolution
		{3A7EDF23-33D6-4EF9-BB99-4A3AE7CF0195}.Debug|Any CPU.ActiveCfg = Debug|Any CPU
		{3A7EDF23-33D6-4EF9-BB99-4A3AE7CF0195}.Debug|Any CPU.Build.0 = Debug|Any CPU
		{3A7EDF23-33D6-4EF9-BB99-4A3AE7CF0195}.Release|Any CPU.ActiveCfg = Release|Any CPU
		{3A7EDF23-33D6-4EF9-BB99-4A3AE7CF0195}.Release|Any CPU.Build.0 = Release|Any CPU
	EndGlobalSection
	GlobalSection(SolutionProperties) = preSolution
		HideSolutionNode = FALSE
	EndGlobalSection
	GlobalSection(ExtensibilityGlobals) = postSolution
		SolutionGuid = {3CCE4EBC-CDAE-44FF-A9DD-FB1BB13492CA}
	EndGlobalSection
EndGlobal
