
Microsoft Visual Studio Solution File, Format Version 12.00
# Visual Studio Version 17
VisualStudioVersion = 17.13.35919.96 d17.13
MinimumVisualStudioVersion = 10.0.40219.1
Project("{FAE04EC0-301F-11D3-BF4B-00C04F79EFBC}") = "StudentGradebookSystem", "StudentGradebookSystem\StudentGradebookSystem.csproj", "{A5104553-CBE9-46C8-9187-DFBD0DA1B958}"
EndProject
Global
	GlobalSection(SolutionConfigurationPlatforms) = preSolution
		Debug|Any CPU = Debug|Any CPU
		Release|Any CPU = Release|Any CPU
	EndGlobalSection
	GlobalSection(ProjectConfigurationPlatforms) = postSolution
		{A5104553-CBE9-46C8-9187-DFBD0DA1B958}.Debug|Any CPU.ActiveCfg = Debug|Any CPU
		{A5104553-CBE9-46C8-9187-DFBD0DA1B958}.Debug|Any CPU.Build.0 = Debug|Any CPU
		{A5104553-CBE9-46C8-9187-DFBD0DA1B958}.Release|Any CPU.ActiveCfg = Release|Any CPU
		{A5104553-CBE9-46C8-9187-DFBD0DA1B958}.Release|Any CPU.Build.0 = Release|Any CPU
	EndGlobalSection
	GlobalSection(SolutionProperties) = preSolution
		HideSolutionNode = FALSE
	EndGlobalSection
	GlobalSection(ExtensibilityGlobals) = postSolution
		SolutionGuid = {DF948CAF-FEFF-4228-AFA8-AC9F8CC526DA}
	EndGlobalSection
EndGlobal
